<?xml version="1.0" encoding="utf-8"?>
<Project ToolsVersion="4.0" xmlns="http://schemas.microsoft.com/developer/msbuild/2003">
  <ItemGroup>
    <Filter Include="Source Files">
      <UniqueIdentifier>{4FC737F1-C7A5-4376-A066-2A32D752A2FF}</UniqueIdentifier>
      <Extensions>cpp;c;cc;cxx;def;odl;idl;hpj;bat;asm;asmx</Extensions>
    </Filter>
    <Filter Include="Header Files">
      <UniqueIdentifier>{93995380-89BD-4b04-88EB-625FBE52EBFB}</UniqueIdentifier>
      <Extensions>h;hh;hpp;hxx;hm;inl;inc;xsd</Extensions>
    </Filter>
    <Filter Include="Resource Files">
      <UniqueIdentifier>{67DA6AB6-F800-4c08-8B7A-83BB121AAD01}</UniqueIdentifier>
      <Extensions>rc;ico;cur;bmp;dlg;rc2;rct;bin;rgs;gif;jpg;jpeg;jpe;resx;tiff;tif;png;wav</Extensions>
    </Filter>
  </ItemGroup>
  <ItemGroup>
    <ClCompile Include="src\application.cpp">
      <Filter>Source Files</Filter>
    </ClCompile>
    <ClCompile Include="src\exception.cpp">
      <Filter>Source Files</Filter>
    </ClCompile>
    <ClCompile Include="src\main.cpp">
      <Filter>Source Files</Filter>
    </ClCompile>
    <ClCompile Include="src\timer.cpp">
      <Filter>Source Files</Filter>
    </ClCompile>
    <ClCompile Include="src\graph\graph.cpp">
      <Filter>Source Files</Filter>
    </ClCompile>
    <ClCompile Include="src\ui\control.cpp">
      <Filter>Source Files</Filter>
    </ClCompile>
    <ClCompile Include="src\ui\window.cpp">
      <Filter>Source Files</Filter>
    </ClCompile>
    <ClCompile Include="src\ui\animations\animation.cpp">
      <Filter>Source Files</Filter>
    </ClCompile>
    <ClCompile Include="src\ui\controls\button.cpp">
      <Filter>Source Files</Filter>
    </ClCompile>
    <ClCompile Include="src\ui\controls\linear_layout.cpp">
      <Filter>Source Files</Filter>
    </ClCompile>
    <ClCompile Include="src\ui\controls\text_block.cpp">
      <Filter>Source Files</Filter>
    </ClCompile>
    <ClCompile Include="src\ui\controls\text_box.cpp">
      <Filter>Source Files</Filter>
    </ClCompile>
    <ClCompile Include="src\ui\controls\toggle_button.cpp">
      <Filter>Source Files</Filter>
    </ClCompile>
    <ClCompile Include="src\ui\events\ui_event.cpp">
      <Filter>Source Files</Filter>
    </ClCompile>
    <ClCompile Include="src\ui\cursor.cpp">
      <Filter>Source Files</Filter>
    </ClCompile>
    <ClCompile Include="src\cru_debug.cpp">
      <Filter>Source Files</Filter>
    </ClCompile>
    <ClCompile Include="src\ui\ui_manager.cpp">
      <Filter>Source Files</Filter>
    </ClCompile>
    <ClCompile Include="src\ui\controls\list_item.cpp">
      <Filter>Source Files</Filter>
    </ClCompile>
    <ClCompile Include="src\ui\controls\popup_menu.cpp">
      <Filter>Source Files</Filter>
    </ClCompile>
    <ClCompile Include="src\ui\controls\frame_layout.cpp">
      <Filter>Source Files</Filter>
    </ClCompile>
    <ClCompile Include="src\ui\controls\scroll_control.cpp">
      <Filter>Source Files</Filter>
    </ClCompile>
    <ClCompile Include="src\ui\render\render_object.cpp">
      <Filter>Source Files</Filter>
    </ClCompile>
    <ClCompile Include="src\ui\input_util.cpp">
      <Filter>Source Files</Filter>
    </ClCompile>
    <ClCompile Include="src\util\string_util.cpp">
      <Filter>Source Files</Filter>
    </ClCompile>
    <ClCompile Include="src\util\any_map.cpp">
      <Filter>Source Files</Filter>
    </ClCompile>
    <ClCompile Include="src\ui\window_class.cpp">
      <Filter>Source Files</Filter>
    </ClCompile>
    <ClCompile Include="src\ui\render\flex_layout_render_object.cpp">
      <Filter>Source Files</Filter>
    </ClCompile>
    <ClCompile Include="src\ui\render\text_render_object.cpp">
      <Filter>Source Files</Filter>
    </ClCompile>
  </ItemGroup>
  <ItemGroup>
    <ClInclude Include="src\graph\graph.hpp">
      <Filter>Header Files</Filter>
    </ClInclude>
    <ClInclude Include="src\ui\animations\animation.hpp">
      <Filter>Header Files</Filter>
    </ClInclude>
    <ClInclude Include="src\ui\controls\button.hpp">
      <Filter>Header Files</Filter>
    </ClInclude>
    <ClInclude Include="src\ui\controls\linear_layout.hpp">
      <Filter>Header Files</Filter>
    </ClInclude>
    <ClInclude Include="src\ui\controls\text_block.hpp">
      <Filter>Header Files</Filter>
    </ClInclude>
    <ClInclude Include="src\ui\controls\text_box.hpp">
      <Filter>Header Files</Filter>
    </ClInclude>
    <ClInclude Include="src\ui\controls\text_control.hpp">
      <Filter>Header Files</Filter>
    </ClInclude>
    <ClInclude Include="src\ui\controls\toggle_button.hpp">
      <Filter>Header Files</Filter>
    </ClInclude>
    <ClInclude Include="src\ui\events\ui_event.hpp">
      <Filter>Header Files</Filter>
    </ClInclude>
    <ClInclude Include="src\ui\control.hpp">
      <Filter>Header Files</Filter>
    </ClInclude>
    <ClInclude Include="src\ui\cursor.hpp">
      <Filter>Header Files</Filter>
    </ClInclude>
    <ClInclude Include="src\ui\ui_base.hpp">
      <Filter>Header Files</Filter>
    </ClInclude>
    <ClInclude Include="src\ui\window.hpp">
      <Filter>Header Files</Filter>
    </ClInclude>
    <ClInclude Include="src\application.hpp">
      <Filter>Header Files</Filter>
    </ClInclude>
    <ClInclude Include="src\base.hpp">
      <Filter>Header Files</Filter>
    </ClInclude>
    <ClInclude Include="src\cru_debug.hpp">
      <Filter>Header Files</Filter>
    </ClInclude>
    <ClInclude Include="src\cru_event.hpp">
      <Filter>Header Files</Filter>
    </ClInclude>
    <ClInclude Include="src\exception.hpp">
      <Filter>Header Files</Filter>
    </ClInclude>
    <ClInclude Include="src\system_headers.hpp">
      <Filter>Header Files</Filter>
    </ClInclude>
    <ClInclude Include="src\timer.hpp">
      <Filter>Header Files</Filter>
    </ClInclude>
    <ClInclude Include="src\ui\ui_manager.hpp">
      <Filter>Header Files</Filter>
    </ClInclude>
    <ClInclude Include="src\ui\controls\list_item.hpp">
      <Filter>Header Files</Filter>
    </ClInclude>
    <ClInclude Include="src\ui\controls\popup_menu.hpp">
      <Filter>Header Files</Filter>
    </ClInclude>
    <ClInclude Include="src\ui\controls\frame_layout.hpp">
      <Filter>Header Files</Filter>
    </ClInclude>
    <ClInclude Include="src\ui\controls\scroll_control.hpp">
      <Filter>Header Files</Filter>
    </ClInclude>
    <ClInclude Include="src\pre.hpp">
      <Filter>Header Files</Filter>
    </ClInclude>
    <ClInclude Include="src\ui\render\render_object.hpp">
      <Filter>Header Files</Filter>
    </ClInclude>
    <ClInclude Include="src\ui\d2d_util.hpp">
      <Filter>Header Files</Filter>
    </ClInclude>
    <ClInclude Include="src\ui\input_util.hpp">
      <Filter>Header Files</Filter>
    </ClInclude>
    <ClInclude Include="src\util\format.hpp">
      <Filter>Header Files</Filter>
    </ClInclude>
    <ClInclude Include="src\util\math_util.hpp">
      <Filter>Header Files</Filter>
    </ClInclude>
    <ClInclude Include="src\util\string_util.hpp">
      <Filter>Header Files</Filter>
    </ClInclude>
    <ClInclude Include="src\util\any_map.hpp">
      <Filter>Header Files</Filter>
    </ClInclude>
    <ClInclude Include="src\ui\window_class.hpp">
      <Filter>Header Files</Filter>
    </ClInclude>
    <ClInclude Include="src\ui\render\flex_layout_render_object.hpp">
      <Filter>Header Files</Filter>
    </ClInclude>
    <ClInclude Include="src\ui\render\text_render_object.hpp">
      <Filter>Header Files</Filter>
    </ClInclude>
  </ItemGroup>
  <ItemGroup>
    <ClCompile Include="src\application.cpp">
      <Filter>Source Files</Filter>
    </ClCompile>
    <ClCompile Include="src\ui\control.cpp">
      <Filter>Source Files</Filter>
    </ClCompile>
    <ClCompile Include="src\ui\window.cpp">
      <Filter>Source Files</Filter>
    </ClCompile>
    <ClCompile Include="src\graph\graph.cpp">
      <Filter>Source Files</Filter>
    </ClCompile>
    <ClCompile Include="src\main.cpp">
      <Filter>Source Files</Filter>
    </ClCompile>
    <ClCompile Include="src\exception.cpp">
      <Filter>Source Files</Filter>
    </ClCompile>
    <ClCompile Include="src\timer.cpp">
      <Filter>Source Files</Filter>
    </ClCompile>
    <ClCompile Include="src\ui\events\ui_event.cpp">
      <Filter>Source Files</Filter>
    </ClCompile>
    <ClCompile Include="src\ui\controls\text_block.cpp">
      <Filter>Source Files</Filter>
    </ClCompile>
    <ClCompile Include="src\ui\controls\linear_layout.cpp">
      <Filter>Source Files</Filter>
    </ClCompile>
    <ClCompile Include="src\ui\controls\toggle_button.cpp">
      <Filter>Source Files</Filter>
    </ClCompile>
    <ClCompile Include="src\ui\layout_base.cpp">
      <Filter>Source Files</Filter>
    </ClCompile>
    <ClCompile Include="src\ui\animations\animation.cpp">
      <Filter>Source Files</Filter>
    </ClCompile>
    <ClCompile Include="src\ui\controls\button.cpp">
      <Filter>Source Files</Filter>
    </ClCompile>
    <ClCompile Include="src\ui\controls\text_box.cpp">
      <Filter>Source Files</Filter>
    </ClCompile>
    <ClCompile Include="src\ui\controls\text_control.cpp">
      <Filter>Source Files</Filter>
    </ClCompile>
  </ItemGroup>
  <ItemGroup>
    <Xml Include="snippets\vc++snippets.snippet" />
  </ItemGroup>
  <ItemGroup>
    <None Include=".clang-format" />
  </ItemGroup>
</Project>