
Microsoft Visual Studio Solution File, Format Version 12.00
# Visual Studio 15
VisualStudioVersion = 15.0.27130.2027
MinimumVisualStudioVersion = 10.0.40219.1
Project("{8BC9CEB8-8B4A-11D0-8D11-00A0C91BC942}") = "CruUI", "CruUI\CruUI.vcxproj", "{41F57B7F-DECE-4021-8EEC-1E8E54E9DFAC}"
EndProject
Global
	GlobalSection(SolutionConfigurationPlatforms) = preSolution
		Debug|x64 = Debug|x64
		Debug|x86 = Debug|x86
		Release|x64 = Release|x64
		Release|x86 = Release|x86
	EndGlobalSection
	GlobalSection(ProjectConfigurationPlatforms) = postSolution
		{41F57B7F-DECE-4021-8EEC-1E8E54E9DFAC}.Debug|x64.ActiveCfg = Debug|x64
		{41F57B7F-DECE-4021-8EEC-1E8E54E9DFAC}.Debug|x64.Build.0 = Debug|x64
		{41F57B7F-DECE-4021-8EEC-1E8E54E9DFAC}.Debug|x86.ActiveCfg = Debug|Win32
		{41F57B7F-DECE-4021-8EEC-1E8E54E9DFAC}.Debug|x86.Build.0 = Debug|Win32
		{41F57B7F-DECE-4021-8EEC-1E8E54E9DFAC}.Release|x64.ActiveCfg = Release|x64
		{41F57B7F-DECE-4021-8EEC-1E8E54E9DFAC}.Release|x64.Build.0 = Release|x64
		{41F57B7F-DECE-4021-8EEC-1E8E54E9DFAC}.Release|x86.ActiveCfg = Release|Win32
		{41F57B7F-DECE-4021-8EEC-1E8E54E9DFAC}.Release|x86.Build.0 = Release|Win32
	EndGlobalSection
	GlobalSection(SolutionProperties) = preSolution
		HideSolutionNode = FALSE
	EndGlobalSection
	GlobalSection(ExtensibilityGlobals) = postSolution
		SolutionGuid = {B0298D8B-D319-488F-99DA-9D5E6851B9F2}
	EndGlobalSection
EndGlobal
